// !$*UTF8*$!
{
	archiveVersion = 1;
	classes = {
	};
	objectVersion = 46;
	objects = {

/* Begin PBXBuildFile section */
		0A36766C1F00A6DE00FB248B /* FollowVC.swift in Sources */ = {isa = PBXBuildFile; fileRef = 0A36766B1F00A6DE00FB248B /* FollowVC.swift */; };
		0A36766E1F00A6F800FB248B /* Live.swift in Sources */ = {isa = PBXBuildFile; fileRef = 0A36766D1F00A6F800FB248B /* Live.swift */; };
		0A3676701F00A70000FB248B /* Me.swift in Sources */ = {isa = PBXBuildFile; fileRef = 0A36766F1F00A70000FB248B /* Me.swift */; };
		0A3676731F00AD6300FB248B /* UIBarButtonItem-Extension.swift in Sources */ = {isa = PBXBuildFile; fileRef = 0A3676721F00AD6300FB248B /* UIBarButtonItem-Extension.swift */; };
		0AEDAC7B1EFA64630074C456 /* ViewController.swift in Sources */ = {isa = PBXBuildFile; fileRef = 0AEDAC7A1EFA64630074C456 /* ViewController.swift */; };
		0AEDAC801EFA64630074C456 /* Assets.xcassets in Resources */ = {isa = PBXBuildFile; fileRef = 0AEDAC7F1EFA64630074C456 /* Assets.xcassets */; };
		0AEDAC831EFA64630074C456 /* LaunchScreen.storyboard in Resources */ = {isa = PBXBuildFile; fileRef = 0AEDAC811EFA64630074C456 /* LaunchScreen.storyboard */; };
		0AEDAC8E1EFA64640074C456 /* SwiftLiveTests.swift in Sources */ = {isa = PBXBuildFile; fileRef = 0AEDAC8D1EFA64640074C456 /* SwiftLiveTests.swift */; };
		0AEDAC991EFA64640074C456 /* SwiftLiveUITests.swift in Sources */ = {isa = PBXBuildFile; fileRef = 0AEDAC981EFA64640074C456 /* SwiftLiveUITests.swift */; };
		0AEDACC21EFCC9710074C456 /* Home.storyboard in Resources */ = {isa = PBXBuildFile; fileRef = 0AEDACBE1EFCC9710074C456 /* Home.storyboard */; };
		0AEDACC31EFCC9710074C456 /* HomeVC.swift in Sources */ = {isa = PBXBuildFile; fileRef = 0AEDACBF1EFCC9710074C456 /* HomeVC.swift */; };
		0AEDACCA1EFCC9AB0074C456 /* AppDelegate.swift in Sources */ = {isa = PBXBuildFile; fileRef = 0AEDACC51EFCC9AB0074C456 /* AppDelegate.swift */; };
		0AEDACCB1EFCC9AB0074C456 /* Main.storyboard in Resources */ = {isa = PBXBuildFile; fileRef = 0AEDACC61EFCC9AB0074C456 /* Main.storyboard */; };
		0AEDACCC1EFCC9AB0074C456 /* MainTabBarVC.swift in Sources */ = {isa = PBXBuildFile; fileRef = 0AEDACC71EFCC9AB0074C456 /* MainTabBarVC.swift */; };
		0AEDACD11EFCC9BE0074C456 /* Follow.storyboard in Resources */ = {isa = PBXBuildFile; fileRef = 0AEDACCE1EFCC9BE0074C456 /* Follow.storyboard */; };
		0AEDACD61EFCC9CB0074C456 /* Live.storyboard in Resources */ = {isa = PBXBuildFile; fileRef = 0AEDACD31EFCC9CB0074C456 /* Live.storyboard */; };
		0AEDACDB1EFCC9D90074C456 /* Me.storyboard in Resources */ = {isa = PBXBuildFile; fileRef = 0AEDACD81EFCC9D90074C456 /* Me.storyboard */; };
/* End PBXBuildFile section */

/* Begin PBXContainerItemProxy section */
		0AEDAC8A1EFA64640074C456 /* PBXContainerItemProxy */ = {
			isa = PBXContainerItemProxy;
			containerPortal = 0AEDAC6D1EFA64630074C456 /* Project object */;
			proxyType = 1;
			remoteGlobalIDString = 0AEDAC741EFA64630074C456;
			remoteInfo = SwiftLive;
		};
		0AEDAC951EFA64640074C456 /* PBXContainerItemProxy */ = {
			isa = PBXContainerItemProxy;
			containerPortal = 0AEDAC6D1EFA64630074C456 /* Project object */;
			proxyType = 1;
			remoteGlobalIDString = 0AEDAC741EFA64630074C456;
			remoteInfo = SwiftLive;
		};
/* End PBXContainerItemProxy section */

/* Begin PBXFileReference section */
		0A36766B1F00A6DE00FB248B /* FollowVC.swift */ = {isa = PBXFileReference; fileEncoding = 4; lastKnownFileType = sourcecode.swift; path = FollowVC.swift; sourceTree = "<group>"; };
		0A36766D1F00A6F800FB248B /* Live.swift */ = {isa = PBXFileReference; fileEncoding = 4; lastKnownFileType = sourcecode.swift; path = Live.swift; sourceTree = "<group>"; };
		0A36766F1F00A70000FB248B /* Me.swift */ = {isa = PBXFileReference; fileEncoding = 4; lastKnownFileType = sourcecode.swift; path = Me.swift; sourceTree = "<group>"; };
		0A3676721F00AD6300FB248B /* UIBarButtonItem-Extension.swift */ = {isa = PBXFileReference; fileEncoding = 4; lastKnownFileType = sourcecode.swift; path = "UIBarButtonItem-Extension.swift"; sourceTree = "<group>"; };
		0AEDAC751EFA64630074C456 /* SwiftLive.app */ = {isa = PBXFileReference; explicitFileType = wrapper.application; includeInIndex = 0; path = SwiftLive.app; sourceTree = BUILT_PRODUCTS_DIR; };
		0AEDAC7A1EFA64630074C456 /* ViewController.swift */ = {isa = PBXFileReference; lastKnownFileType = sourcecode.swift; name = ViewController.swift; path = ../ViewController.swift; sourceTree = "<group>"; };
		0AEDAC7F1EFA64630074C456 /* Assets.xcassets */ = {isa = PBXFileReference; lastKnownFileType = folder.assetcatalog; name = Assets.xcassets; path = ../Assets.xcassets; sourceTree = "<group>"; };
		0AEDAC821EFA64630074C456 /* Base */ = {isa = PBXFileReference; lastKnownFileType = file.storyboard; name = Base; path = Base.lproj/LaunchScreen.storyboard; sourceTree = "<group>"; };
		0AEDAC841EFA64630074C456 /* Info.plist */ = {isa = PBXFileReference; lastKnownFileType = text.plist.xml; name = Info.plist; path = ../Info.plist; sourceTree = "<group>"; };
		0AEDAC891EFA64640074C456 /* SwiftLiveTests.xctest */ = {isa = PBXFileReference; explicitFileType = wrapper.cfbundle; includeInIndex = 0; path = SwiftLiveTests.xctest; sourceTree = BUILT_PRODUCTS_DIR; };
		0AEDAC8D1EFA64640074C456 /* SwiftLiveTests.swift */ = {isa = PBXFileReference; lastKnownFileType = sourcecode.swift; path = SwiftLiveTests.swift; sourceTree = "<group>"; };
		0AEDAC8F1EFA64640074C456 /* Info.plist */ = {isa = PBXFileReference; lastKnownFileType = text.plist.xml; path = Info.plist; sourceTree = "<group>"; };
		0AEDAC941EFA64640074C456 /* SwiftLiveUITests.xctest */ = {isa = PBXFileReference; explicitFileType = wrapper.cfbundle; includeInIndex = 0; path = SwiftLiveUITests.xctest; sourceTree = BUILT_PRODUCTS_DIR; };
		0AEDAC981EFA64640074C456 /* SwiftLiveUITests.swift */ = {isa = PBXFileReference; lastKnownFileType = sourcecode.swift; path = SwiftLiveUITests.swift; sourceTree = "<group>"; };
		0AEDAC9A1EFA64640074C456 /* Info.plist */ = {isa = PBXFileReference; lastKnownFileType = text.plist.xml; path = Info.plist; sourceTree = "<group>"; };
		0AEDACBE1EFCC9710074C456 /* Home.storyboard */ = {isa = PBXFileReference; fileEncoding = 4; lastKnownFileType = file.storyboard; path = Home.storyboard; sourceTree = "<group>"; };
		0AEDACBF1EFCC9710074C456 /* HomeVC.swift */ = {isa = PBXFileReference; fileEncoding = 4; lastKnownFileType = sourcecode.swift; path = HomeVC.swift; sourceTree = "<group>"; };
		0AEDACC51EFCC9AB0074C456 /* AppDelegate.swift */ = {isa = PBXFileReference; fileEncoding = 4; lastKnownFileType = sourcecode.swift; path = AppDelegate.swift; sourceTree = "<group>"; };
		0AEDACC61EFCC9AB0074C456 /* Main.storyboard */ = {isa = PBXFileReference; fileEncoding = 4; lastKnownFileType = file.storyboard; path = Main.storyboard; sourceTree = "<group>"; };
		0AEDACC71EFCC9AB0074C456 /* MainTabBarVC.swift */ = {isa = PBXFileReference; fileEncoding = 4; lastKnownFileType = sourcecode.swift; path = MainTabBarVC.swift; sourceTree = "<group>"; };
		0AEDACCE1EFCC9BE0074C456 /* Follow.storyboard */ = {isa = PBXFileReference; fileEncoding = 4; lastKnownFileType = file.storyboard; path = Follow.storyboard; sourceTree = "<group>"; };
		0AEDACD31EFCC9CB0074C456 /* Live.storyboard */ = {isa = PBXFileReference; fileEncoding = 4; lastKnownFileType = file.storyboard; path = Live.storyboard; sourceTree = "<group>"; };
		0AEDACD81EFCC9D90074C456 /* Me.storyboard */ = {isa = PBXFileReference; fileEncoding = 4; lastKnownFileType = file.storyboard; path = Me.storyboard; sourceTree = "<group>"; };
/* End PBXFileReference section */

/* Begin PBXFrameworksBuildPhase section */
		0AEDAC721EFA64630074C456 /* Frameworks */ = {
			isa = PBXFrameworksBuildPhase;
			buildActionMask = 2147483647;
			files = (
			);
			runOnlyForDeploymentPostprocessing = 0;
		};
		0AEDAC861EFA64640074C456 /* Frameworks */ = {
			isa = PBXFrameworksBuildPhase;
			buildActionMask = 2147483647;
			files = (
			);
			runOnlyForDeploymentPostprocessing = 0;
		};
		0AEDAC911EFA64640074C456 /* Frameworks */ = {
			isa = PBXFrameworksBuildPhase;
			buildActionMask = 2147483647;
			files = (
			);
			runOnlyForDeploymentPostprocessing = 0;
		};
/* End PBXFrameworksBuildPhase section */

/* Begin PBXGroup section */
		0A3676711F00AC6F00FB248B /* Extensions */ = {
			isa = PBXGroup;
			children = (
				0A3676721F00AD6300FB248B /* UIBarButtonItem-Extension.swift */,
			);
			path = Extensions;
			sourceTree = "<group>";
		};
		0AEDAC6C1EFA64630074C456 = {
			isa = PBXGroup;
			children = (
				0AEDAC771EFA64630074C456 /* SwiftLive */,
				0AEDAC8C1EFA64640074C456 /* SwiftLiveTests */,
				0AEDAC971EFA64640074C456 /* SwiftLiveUITests */,
				0AEDAC761EFA64630074C456 /* Products */,
			);
			sourceTree = "<group>";
		};
		0AEDAC761EFA64630074C456 /* Products */ = {
			isa = PBXGroup;
			children = (
				0AEDAC751EFA64630074C456 /* SwiftLive.app */,
				0AEDAC891EFA64640074C456 /* SwiftLiveTests.xctest */,
				0AEDAC941EFA64640074C456 /* SwiftLiveUITests.xctest */,
			);
			name = Products;
			sourceTree = "<group>";
		};
		0AEDAC771EFA64630074C456 /* SwiftLive */ = {
			isa = PBXGroup;
			children = (
				0AEDACA61EFA6AAA0074C456 /* Classes */,
				0AEDACB01EFA6CB50074C456 /* Others */,
			);
			path = SwiftLive;
			sourceTree = "<group>";
		};
		0AEDAC8C1EFA64640074C456 /* SwiftLiveTests */ = {
			isa = PBXGroup;
			children = (
				0AEDAC8D1EFA64640074C456 /* SwiftLiveTests.swift */,
				0AEDAC8F1EFA64640074C456 /* Info.plist */,
			);
			path = SwiftLiveTests;
			sourceTree = "<group>";
		};
		0AEDAC971EFA64640074C456 /* SwiftLiveUITests */ = {
			isa = PBXGroup;
			children = (
				0AEDAC981EFA64640074C456 /* SwiftLiveUITests.swift */,
				0AEDAC9A1EFA64640074C456 /* Info.plist */,
			);
			path = SwiftLiveUITests;
			sourceTree = "<group>";
		};
		0AEDACA61EFA6AAA0074C456 /* Classes */ = {
			isa = PBXGroup;
			children = (
				0AEDACAA1EFA6AAA0074C456 /* Main */,
				0AEDACA81EFA6AAA0074C456 /* Home */,
				0AEDACA71EFA6AAA0074C456 /* Follow */,
				0AEDACA91EFA6AAA0074C456 /* Live */,
				0AEDACAB1EFA6AAA0074C456 /* Me */,
				0AEDACAC1EFA6AAA0074C456 /* Tools */,
			);
			path = Classes;
			sourceTree = "<group>";
		};
		0AEDACA71EFA6AAA0074C456 /* Follow */ = {
			isa = PBXGroup;
			children = (
				0AEDACCD1EFCC9BE0074C456 /* Controller */,
				0AEDACCF1EFCC9BE0074C456 /* Model */,
				0AEDACD01EFCC9BE0074C456 /* View */,
			);
			path = Follow;
			sourceTree = "<group>";
		};
		0AEDACA81EFA6AAA0074C456 /* Home */ = {
			isa = PBXGroup;
			children = (
				0AEDACBD1EFCC9710074C456 /* Controller */,
				0AEDACC01EFCC9710074C456 /* Model */,
				0AEDACC11EFCC9710074C456 /* View */,
			);
			path = Home;
			sourceTree = "<group>";
		};
		0AEDACA91EFA6AAA0074C456 /* Live */ = {
			isa = PBXGroup;
			children = (
				0AEDACD21EFCC9CB0074C456 /* Controller */,
				0AEDACD41EFCC9CB0074C456 /* Model */,
				0AEDACD51EFCC9CB0074C456 /* View */,
			);
			path = Live;
			sourceTree = "<group>";
		};
		0AEDACAA1EFA6AAA0074C456 /* Main */ = {
			isa = PBXGroup;
			children = (
				0AEDACC41EFCC9AB0074C456 /* Controller */,
				0AEDACC81EFCC9AB0074C456 /* Model */,
				0AEDACC91EFCC9AB0074C456 /* View */,
			);
			path = Main;
			sourceTree = "<group>";
		};
		0AEDACAB1EFA6AAA0074C456 /* Me */ = {
			isa = PBXGroup;
			children = (
				0AEDACD71EFCC9D90074C456 /* Controller */,
				0AEDACD91EFCC9D90074C456 /* Model */,
				0AEDACDA1EFCC9D90074C456 /* View */,
			);
			path = Me;
			sourceTree = "<group>";
		};
		0AEDACAC1EFA6AAA0074C456 /* Tools */ = {
			isa = PBXGroup;
			children = (
				0A3676711F00AC6F00FB248B /* Extensions */,
			);
			path = Tools;
			sourceTree = "<group>";
		};
		0AEDACB01EFA6CB50074C456 /* Others */ = {
			isa = PBXGroup;
			children = (
				0AEDAC7F1EFA64630074C456 /* Assets.xcassets */,
				0AEDAC7A1EFA64630074C456 /* ViewController.swift */,
				0AEDAC811EFA64630074C456 /* LaunchScreen.storyboard */,
				0AEDAC841EFA64630074C456 /* Info.plist */,
			);
			path = Others;
			sourceTree = "<group>";
		};
		0AEDACBD1EFCC9710074C456 /* Controller */ = {
			isa = PBXGroup;
			children = (
				0AEDACBF1EFCC9710074C456 /* HomeVC.swift */,
				0AEDACBE1EFCC9710074C456 /* Home.storyboard */,
			);
			path = Controller;
			sourceTree = "<group>";
		};
		0AEDACC01EFCC9710074C456 /* Model */ = {
			isa = PBXGroup;
			children = (
			);
			path = Model;
			sourceTree = "<group>";
		};
		0AEDACC11EFCC9710074C456 /* View */ = {
			isa = PBXGroup;
			children = (
			);
			path = View;
			sourceTree = "<group>";
		};
		0AEDACC41EFCC9AB0074C456 /* Controller */ = {
			isa = PBXGroup;
			children = (
				0AEDACC51EFCC9AB0074C456 /* AppDelegate.swift */,
				0AEDACC71EFCC9AB0074C456 /* MainTabBarVC.swift */,
				0AEDACC61EFCC9AB0074C456 /* Main.storyboard */,
			);
			path = Controller;
			sourceTree = "<group>";
		};
		0AEDACC81EFCC9AB0074C456 /* Model */ = {
			isa = PBXGroup;
			children = (
			);
			path = Model;
			sourceTree = "<group>";
		};
		0AEDACC91EFCC9AB0074C456 /* View */ = {
			isa = PBXGroup;
			children = (
			);
			path = View;
			sourceTree = "<group>";
		};
		0AEDACCD1EFCC9BE0074C456 /* Controller */ = {
			isa = PBXGroup;
			children = (
				0A36766B1F00A6DE00FB248B /* FollowVC.swift */,
				0AEDACCE1EFCC9BE0074C456 /* Follow.storyboard */,
			);
			path = Controller;
			sourceTree = "<group>";
		};
		0AEDACCF1EFCC9BE0074C456 /* Model */ = {
			isa = PBXGroup;
			children = (
			);
			path = Model;
			sourceTree = "<group>";
		};
		0AEDACD01EFCC9BE0074C456 /* View */ = {
			isa = PBXGroup;
			children = (
			);
			path = View;
			sourceTree = "<group>";
		};
		0AEDACD21EFCC9CB0074C456 /* Controller */ = {
			isa = PBXGroup;
			children = (
				0A36766D1F00A6F800FB248B /* Live.swift */,
				0AEDACD31EFCC9CB0074C456 /* Live.storyboard */,
			);
			path = Controller;
			sourceTree = "<group>";
		};
		0AEDACD41EFCC9CB0074C456 /* Model */ = {
			isa = PBXGroup;
			children = (
			);
			path = Model;
			sourceTree = "<group>";
		};
		0AEDACD51EFCC9CB0074C456 /* View */ = {
			isa = PBXGroup;
			children = (
			);
			path = View;
			sourceTree = "<group>";
		};
		0AEDACD71EFCC9D90074C456 /* Controller */ = {
			isa = PBXGroup;
			children = (
				0A36766F1F00A70000FB248B /* Me.swift */,
				0AEDACD81EFCC9D90074C456 /* Me.storyboard */,
			);
			path = Controller;
			sourceTree = "<group>";
		};
		0AEDACD91EFCC9D90074C456 /* Model */ = {
			isa = PBXGroup;
			children = (
			);
			path = Model;
			sourceTree = "<group>";
		};
		0AEDACDA1EFCC9D90074C456 /* View */ = {
			isa = PBXGroup;
			children = (
			);
			path = View;
			sourceTree = "<group>";
		};
/* End PBXGroup section */

/* Begin PBXNativeTarget section */
		0AEDAC741EFA64630074C456 /* SwiftLive */ = {
			isa = PBXNativeTarget;
			buildConfigurationList = 0AEDAC9D1EFA64640074C456 /* Build configuration list for PBXNativeTarget "SwiftLive" */;
			buildPhases = (
				0AEDAC711EFA64630074C456 /* Sources */,
				0AEDAC721EFA64630074C456 /* Frameworks */,
				0AEDAC731EFA64630074C456 /* Resources */,
			);
			buildRules = (
			);
			dependencies = (
			);
			name = SwiftLive;
			productName = SwiftLive;
			productReference = 0AEDAC751EFA64630074C456 /* SwiftLive.app */;
			productType = "com.apple.product-type.application";
		};
		0AEDAC881EFA64640074C456 /* SwiftLiveTests */ = {
			isa = PBXNativeTarget;
			buildConfigurationList = 0AEDACA01EFA64640074C456 /* Build configuration list for PBXNativeTarget "SwiftLiveTests" */;
			buildPhases = (
				0AEDAC851EFA64640074C456 /* Sources */,
				0AEDAC861EFA64640074C456 /* Frameworks */,
				0AEDAC871EFA64640074C456 /* Resources */,
			);
			buildRules = (
			);
			dependencies = (
				0AEDAC8B1EFA64640074C456 /* PBXTargetDependency */,
			);
			name = SwiftLiveTests;
			productName = SwiftLiveTests;
			productReference = 0AEDAC891EFA64640074C456 /* SwiftLiveTests.xctest */;
			productType = "com.apple.product-type.bundle.unit-test";
		};
		0AEDAC931EFA64640074C456 /* SwiftLiveUITests */ = {
			isa = PBXNativeTarget;
			buildConfigurationList = 0AEDACA31EFA64640074C456 /* Build configuration list for PBXNativeTarget "SwiftLiveUITests" */;
			buildPhases = (
				0AEDAC901EFA64640074C456 /* Sources */,
				0AEDAC911EFA64640074C456 /* Frameworks */,
				0AEDAC921EFA64640074C456 /* Resources */,
			);
			buildRules = (
			);
			dependencies = (
				0AEDAC961EFA64640074C456 /* PBXTargetDependency */,
			);
			name = SwiftLiveUITests;
			productName = SwiftLiveUITests;
			productReference = 0AEDAC941EFA64640074C456 /* SwiftLiveUITests.xctest */;
			productType = "com.apple.product-type.bundle.ui-testing";
		};
/* End PBXNativeTarget section */

/* Begin PBXProject section */
		0AEDAC6D1EFA64630074C456 /* Project object */ = {
			isa = PBXProject;
			attributes = {
				LastSwiftUpdateCheck = 0830;
				LastUpgradeCheck = 0830;
				ORGANIZATIONNAME = bidm;
				TargetAttributes = {
					0AEDAC741EFA64630074C456 = {
						CreatedOnToolsVersion = 8.3.3;
						ProvisioningStyle = Automatic;
					};
					0AEDAC881EFA64640074C456 = {
						CreatedOnToolsVersion = 8.3.3;
						ProvisioningStyle = Automatic;
						TestTargetID = 0AEDAC741EFA64630074C456;
					};
					0AEDAC931EFA64640074C456 = {
						CreatedOnToolsVersion = 8.3.3;
						ProvisioningStyle = Automatic;
						TestTargetID = 0AEDAC741EFA64630074C456;
					};
				};
			};
			buildConfigurationList = 0AEDAC701EFA64630074C456 /* Build configuration list for PBXProject "SwiftLive" */;
			compatibilityVersion = "Xcode 3.2";
			developmentRegion = English;
			hasScannedForEncodings = 0;
			knownRegions = (
				en,
				Base,
			);
			mainGroup = 0AEDAC6C1EFA64630074C456;
			productRefGroup = 0AEDAC761EFA64630074C456 /* Products */;
			projectDirPath = "";
			projectRoot = "";
			targets = (
				0AEDAC741EFA64630074C456 /* SwiftLive */,
				0AEDAC881EFA64640074C456 /* SwiftLiveTests */,
				0AEDAC931EFA64640074C456 /* SwiftLiveUITests */,
			);
		};
/* End PBXProject section */

/* Begin PBXResourcesBuildPhase section */
		0AEDAC731EFA64630074C456 /* Resources */ = {
			isa = PBXResourcesBuildPhase;
			buildActionMask = 2147483647;
			files = (
				0AEDACC21EFCC9710074C456 /* Home.storyboard in Resources */,
				0AEDAC831EFA64630074C456 /* LaunchScreen.storyboard in Resources */,
				0AEDACD11EFCC9BE0074C456 /* Follow.storyboard in Resources */,
				0AEDACCB1EFCC9AB0074C456 /* Main.storyboard in Resources */,
				0AEDAC801EFA64630074C456 /* Assets.xcassets in Resources */,
				0AEDACD61EFCC9CB0074C456 /* Live.storyboard in Resources */,
				0AEDACDB1EFCC9D90074C456 /* Me.storyboard in Resources */,
			);
			runOnlyForDeploymentPostprocessing = 0;
		};
		0AEDAC871EFA64640074C456 /* Resources */ = {
			isa = PBXResourcesBuildPhase;
			buildActionMask = 2147483647;
			files = (
			);
			runOnlyForDeploymentPostprocessing = 0;
		};
		0AEDAC921EFA64640074C456 /* Resources */ = {
			isa = PBXResourcesBuildPhase;
			buildActionMask = 2147483647;
			files = (
			);
			runOnlyForDeploymentPostprocessing = 0;
		};
/* End PBXResourcesBuildPhase section */

/* Begin PBXSourcesBuildPhase section */
		0AEDAC711EFA64630074C456 /* Sources */ = {
			isa = PBXSourcesBuildPhase;
			buildActionMask = 2147483647;
			files = (
				0AEDACCC1EFCC9AB0074C456 /* MainTabBarVC.swift in Sources */,
				0AEDACC31EFCC9710074C456 /* HomeVC.swift in Sources */,
				0A3676731F00AD6300FB248B /* UIBarButtonItem-Extension.swift in Sources */,
				0A36766C1F00A6DE00FB248B /* FollowVC.swift in Sources */,
				0AEDACCA1EFCC9AB0074C456 /* AppDelegate.swift in Sources */,
				0AEDAC7B1EFA64630074C456 /* ViewController.swift in Sources */,
				0A3676701F00A70000FB248B /* Me.swift in Sources */,
				0A36766E1F00A6F800FB248B /* Live.swift in Sources */,
			);
			runOnlyForDeploymentPostprocessing = 0;
		};
		0AEDAC851EFA64640074C456 /* Sources */ = {
			isa = PBXSourcesBuildPhase;
			buildActionMask = 2147483647;
			files = (
				0AEDAC8E1EFA64640074C456 /* SwiftLiveTests.swift in Sources */,
			);
			runOnlyForDeploymentPostprocessing = 0;
		};
		0AEDAC901EFA64640074C456 /* Sources */ = {
			isa = PBXSourcesBuildPhase;
			buildActionMask = 2147483647;
			files = (
				0AEDAC991EFA64640074C456 /* SwiftLiveUITests.swift in Sources */,
			);
			runOnlyForDeploymentPostprocessing = 0;
		};
/* End PBXSourcesBuildPhase section */

/* Begin PBXTargetDependency section */
		0AEDAC8B1EFA64640074C456 /* PBXTargetDependency */ = {
			isa = PBXTargetDependency;
			target = 0AEDAC741EFA64630074C456 /* SwiftLive */;
			targetProxy = 0AEDAC8A1EFA64640074C456 /* PBXContainerItemProxy */;
		};
		0AEDAC961EFA64640074C456 /* PBXTargetDependency */ = {
			isa = PBXTargetDependency;
			target = 0AEDAC741EFA64630074C456 /* SwiftLive */;
			targetProxy = 0AEDAC951EFA64640074C456 /* PBXContainerItemProxy */;
		};
/* End PBXTargetDependency section */

/* Begin PBXVariantGroup section */
		0AEDAC811EFA64630074C456 /* LaunchScreen.storyboard */ = {
			isa = PBXVariantGroup;
			children = (
				0AEDAC821EFA64630074C456 /* Base */,
			);
			name = LaunchScreen.storyboard;
			path = ..;
			sourceTree = "<group>";
		};
/* End PBXVariantGroup section */

/* Begin XCBuildConfiguration section */
		0AEDAC9B1EFA64640074C456 /* Debug */ = {
			isa = XCBuildConfiguration;
			buildSettings = {
				ALWAYS_SEARCH_USER_PATHS = NO;
				CLANG_ANALYZER_NONNULL = YES;
				CLANG_ANALYZER_NUMBER_OBJECT_CONVERSION = YES_AGGRESSIVE;
				CLANG_CXX_LANGUAGE_STANDARD = "gnu++0x";
				CLANG_CXX_LIBRARY = "libc++";
				CLANG_ENABLE_MODULES = YES;
				CLANG_ENABLE_OBJC_ARC = YES;
				CLANG_WARN_BOOL_CONVERSION = YES;
				CLANG_WARN_CONSTANT_CONVERSION = YES;
				CLANG_WARN_DIRECT_OBJC_ISA_USAGE = YES_ERROR;
				CLANG_WARN_DOCUMENTATION_COMMENTS = YES;
				CLANG_WARN_EMPTY_BODY = YES;
				CLANG_WARN_ENUM_CONVERSION = YES;
				CLANG_WARN_INFINITE_RECURSION = YES;
				CLANG_WARN_INT_CONVERSION = YES;
				CLANG_WARN_OBJC_ROOT_CLASS = YES_ERROR;
				CLANG_WARN_SUSPICIOUS_MOVE = YES;
				CLANG_WARN_UNREACHABLE_CODE = YES;
				CLANG_WARN__DUPLICATE_METHOD_MATCH = YES;
				"CODE_SIGN_IDENTITY[sdk=iphoneos*]" = "iPhone Developer";
				COPY_PHASE_STRIP = NO;
				DEBUG_INFORMATION_FORMAT = dwarf;
				ENABLE_STRICT_OBJC_MSGSEND = YES;
				ENABLE_TESTABILITY = YES;
				GCC_C_LANGUAGE_STANDARD = gnu99;
				GCC_DYNAMIC_NO_PIC = NO;
				GCC_NO_COMMON_BLOCKS = YES;
				GCC_OPTIMIZATION_LEVEL = 0;
				GCC_PREPROCESSOR_DEFINITIONS = (
					"DEBUG=1",
					"$(inherited)",
				);
				GCC_WARN_64_TO_32_BIT_CONVERSION = YES;
				GCC_WARN_ABOUT_RETURN_TYPE = YES_ERROR;
				GCC_WARN_UNDECLARED_SELECTOR = YES;
				GCC_WARN_UNINITIALIZED_AUTOS = YES_AGGRESSIVE;
				GCC_WARN_UNUSED_FUNCTION = YES;
				GCC_WARN_UNUSED_VARIABLE = YES;
				IPHONEOS_DEPLOYMENT_TARGET = 10.3;
				MTL_ENABLE_DEBUG_INFO = YES;
				ONLY_ACTIVE_ARCH = YES;
				SDKROOT = iphoneos;
				SWIFT_ACTIVE_COMPILATION_CONDITIONS = DEBUG;
				SWIFT_OPTIMIZATION_LEVEL = "-Onone";
			};
			name = Debug;
		};
		0AEDAC9C1EFA64640074C456 /* Release */ = {
			isa = XCBuildConfiguration;
			buildSettings = {
				ALWAYS_SEARCH_USER_PATHS = NO;
				CLANG_ANALYZER_NONNULL = YES;
				CLANG_ANALYZER_NUMBER_OBJECT_CONVERSION = YES_AGGRESSIVE;
				CLANG_CXX_LANGUAGE_STANDARD = "gnu++0x";
				CLANG_CXX_LIBRARY = "libc++";
				CLANG_ENABLE_MODULES = YES;
				CLANG_ENABLE_OBJC_ARC = YES;
				CLANG_WARN_BOOL_CONVERSION = YES;
				CLANG_WARN_CONSTANT_CONVERSION = YES;
				CLANG_WARN_DIRECT_OBJC_ISA_USAGE = YES_ERROR;
				CLANG_WARN_DOCUMENTATION_COMMENTS = YES;
				CLANG_WARN_EMPTY_BODY = YES;
				CLANG_WARN_ENUM_CONVERSION = YES;
				CLANG_WARN_INFINITE_RECURSION = YES;
				CLANG_WARN_INT_CONVERSION = YES;
				CLANG_WARN_OBJC_ROOT_CLASS = YES_ERROR;
				CLANG_WARN_SUSPICIOUS_MOVE = YES;
				CLANG_WARN_UNREACHABLE_CODE = YES;
				CLANG_WARN__DUPLICATE_METHOD_MATCH = YES;
				"CODE_SIGN_IDENTITY[sdk=iphoneos*]" = "iPhone Developer";
				COPY_PHASE_STRIP = NO;
				DEBUG_INFORMATION_FORMAT = "dwarf-with-dsym";
				ENABLE_NS_ASSERTIONS = NO;
				ENABLE_STRICT_OBJC_MSGSEND = YES;
				GCC_C_LANGUAGE_STANDARD = gnu99;
				GCC_NO_COMMON_BLOCKS = YES;
				GCC_WARN_64_TO_32_BIT_CONVERSION = YES;
				GCC_WARN_ABOUT_RETURN_TYPE = YES_ERROR;
				GCC_WARN_UNDECLARED_SELECTOR = YES;
				GCC_WARN_UNINITIALIZED_AUTOS = YES_AGGRESSIVE;
				GCC_WARN_UNUSED_FUNCTION = YES;
				GCC_WARN_UNUSED_VARIABLE = YES;
				IPHONEOS_DEPLOYMENT_TARGET = 10.3;
				MTL_ENABLE_DEBUG_INFO = NO;
				SDKROOT = iphoneos;
				SWIFT_OPTIMIZATION_LEVEL = "-Owholemodule";
				VALIDATE_PRODUCT = YES;
			};
			name = Release;
		};
		0AEDAC9E1EFA64640074C456 /* Debug */ = {
			isa = XCBuildConfiguration;
			buildSettings = {
				ASSETCATALOG_COMPILER_APPICON_NAME = AppIcon;
				INFOPLIST_FILE = SwiftLive/Info.plist;
				IPHONEOS_DEPLOYMENT_TARGET = 9.0;
				LD_RUNPATH_SEARCH_PATHS = "$(inherited) @executable_path/Frameworks";
				PRODUCT_BUNDLE_IDENTIFIER = com.bidm.SwiftLive;
				PRODUCT_NAME = "$(TARGET_NAME)";
				SWIFT_VERSION = 3.0;
			};
			name = Debug;
		};
		0AEDAC9F1EFA64640074C456 /* Release */ = {
			isa = XCBuildConfiguration;
			buildSettings = {
				ASSETCATALOG_COMPILER_APPICON_NAME = AppIcon;
				INFOPLIST_FILE = SwiftLive/Info.plist;
				IPHONEOS_DEPLOYMENT_TARGET = 9.0;
				LD_RUNPATH_SEARCH_PATHS = "$(inherited) @executable_path/Frameworks";
				PRODUCT_BUNDLE_IDENTIFIER = com.bidm.SwiftLive;
				PRODUCT_NAME = "$(TARGET_NAME)";
				SWIFT_VERSION = 3.0;
			};
			name = Release;
		};
		0AEDACA11EFA64640074C456 /* Debug */ = {
			isa = XCBuildConfiguration;
			buildSettings = {
				ALWAYS_EMBED_SWIFT_STANDARD_LIBRARIES = YES;
				BUNDLE_LOADER = "$(TEST_HOST)";
				INFOPLIST_FILE = SwiftLiveTests/Info.plist;
				LD_RUNPATH_SEARCH_PATHS = "$(inherited) @executable_path/Frameworks @loader_path/Frameworks";
				PRODUCT_BUNDLE_IDENTIFIER = com.bidm.SwiftLiveTests;
				PRODUCT_NAME = "$(TARGET_NAME)";
				SWIFT_VERSION = 3.0;
				TEST_HOST = "$(BUILT_PRODUCTS_DIR)/SwiftLive.app/SwiftLive";
			};
			name = Debug;
		};
		0AEDACA21EFA64640074C456 /* Release */ = {
			isa = XCBuildConfiguration;
			buildSettings = {
				ALWAYS_EMBED_SWIFT_STANDARD_LIBRARIES = YES;
				BUNDLE_LOADER = "$(TEST_HOST)";
				INFOPLIST_FILE = SwiftLiveTests/Info.plist;
				LD_RUNPATH_SEARCH_PATHS = "$(inherited) @executable_path/Frameworks @loader_path/Frameworks";
				PRODUCT_BUNDLE_IDENTIFIER = com.bidm.SwiftLiveTests;
				PRODUCT_NAME = "$(TARGET_NAME)";
				SWIFT_VERSION = 3.0;
				TEST_HOST = "$(BUILT_PRODUCTS_DIR)/SwiftLive.app/SwiftLive";
			};
			name = Release;
		};
		0AEDACA41EFA64640074C456 /* Debug */ = {
			isa = XCBuildConfiguration;
			buildSettings = {
				ALWAYS_EMBED_SWIFT_STANDARD_LIBRARIES = YES;
				INFOPLIST_FILE = SwiftLiveUITests/Info.plist;
				LD_RUNPATH_SEARCH_PATHS = "$(inherited) @executable_path/Frameworks @loader_path/Frameworks";
				PRODUCT_BUNDLE_IDENTIFIER = com.bidm.SwiftLiveUITests;
				PRODUCT_NAME = "$(TARGET_NAME)";
				SWIFT_VERSION = 3.0;
				TEST_TARGET_NAME = SwiftLive;
			};
			name = Debug;
		};
		0AEDACA51EFA64640074C456 /* Release */ = {
			isa = XCBuildConfiguration;
			buildSettings = {
				ALWAYS_EMBED_SWIFT_STANDARD_LIBRARIES = YES;
				INFOPLIST_FILE = SwiftLiveUITests/Info.plist;
				LD_RUNPATH_SEARCH_PATHS = "$(inherited) @executable_path/Frameworks @loader_path/Frameworks";
				PRODUCT_BUNDLE_IDENTIFIER = com.bidm.SwiftLiveUITests;
				PRODUCT_NAME = "$(TARGET_NAME)";
				SWIFT_VERSION = 3.0;
				TEST_TARGET_NAME = SwiftLive;
			};
			name = Release;
		};
/* End XCBuildConfiguration section */

/* Begin XCConfigurationList section */
		0AEDAC701EFA64630074C456 /* Build configuration list for PBXProject "SwiftLive" */ = {
			isa = XCConfigurationList;
			buildConfigurations = (
				0AEDAC9B1EFA64640074C456 /* Debug */,
				0AEDAC9C1EFA64640074C456 /* Release */,
			);
			defaultConfigurationIsVisible = 0;
			defaultConfigurationName = Release;
		};
		0AEDAC9D1EFA64640074C456 /* Build configuration list for PBXNativeTarget "SwiftLive" */ = {
			isa = XCConfigurationList;
			buildConfigurations = (
				0AEDAC9E1EFA64640074C456 /* Debug */,
				0AEDAC9F1EFA64640074C456 /* Release */,
			);
			defaultConfigurationIsVisible = 0;
			defaultConfigurationName = Release;
		};
		0AEDACA01EFA64640074C456 /* Build configuration list for PBXNativeTarget "SwiftLiveTests" */ = {
			isa = XCConfigurationList;
			buildConfigurations = (
				0AEDACA11EFA64640074C456 /* Debug */,
				0AEDACA21EFA64640074C456 /* Release */,
			);
			defaultConfigurationIsVisible = 0;
			defaultConfigurationName = Release;
		};
		0AEDACA31EFA64640074C456 /* Build configuration list for PBXNativeTarget "SwiftLiveUITests" */ = {
			isa = XCConfigurationList;
			buildConfigurations = (
				0AEDACA41EFA64640074C456 /* Debug */,
				0AEDACA51EFA64640074C456 /* Release */,
			);
			defaultConfigurationIsVisible = 0;
			defaultConfigurationName = Release;
		};
/* End XCConfigurationList section */
	};
	rootObject = 0AEDAC6D1EFA64630074C456 /* Project object */;
}
